// !$*UTF8*$!
{
	archiveVersion = 1;
	classes = {
	};
	objectVersion = 50;
	objects = {

/* Begin PBXBuildFile section */
		67E6DE2A25BF0D42004138D9 /* AppDelegate.swift in Sources */ = {isa = PBXBuildFile; fileRef = 67E6DE2925BF0D42004138D9 /* AppDelegate.swift */; };
		67E6DE2C25BF0D42004138D9 /* SceneDelegate.swift in Sources */ = {isa = PBXBuildFile; fileRef = 67E6DE2B25BF0D42004138D9 /* SceneDelegate.swift */; };
		67E6DE2E25BF0D42004138D9 /* ViewController.swift in Sources */ = {isa = PBXBuildFile; fileRef = 67E6DE2D25BF0D42004138D9 /* ViewController.swift */; };
		67E6DE3125BF0D42004138D9 /* Main.storyboard in Resources */ = {isa = PBXBuildFile; fileRef = 67E6DE2F25BF0D42004138D9 /* Main.storyboard */; };
		67E6DE3325BF0D47004138D9 /* Assets.xcassets in Resources */ = {isa = PBXBuildFile; fileRef = 67E6DE3225BF0D47004138D9 /* Assets.xcassets */; };
		67E6DE3625BF0D47004138D9 /* LaunchScreen.storyboard in Resources */ = {isa = PBXBuildFile; fileRef = 67E6DE3425BF0D47004138D9 /* LaunchScreen.storyboard */; };
		67E6DE4125BF0D48004138D9 /* TipCalculatorTests.swift in Sources */ = {isa = PBXBuildFile; fileRef = 67E6DE4025BF0D48004138D9 /* TipCalculatorTests.swift */; };
		67E6DE4C25BF0D48004138D9 /* TipCalculatorUITests.swift in Sources */ = {isa = PBXBuildFile; fileRef = 67E6DE4B25BF0D48004138D9 /* TipCalculatorUITests.swift */; };
/* End PBXBuildFile section */

/* Begin PBXContainerItemProxy section */
		67E6DE3D25BF0D48004138D9 /* PBXContainerItemProxy */ = {
			isa = PBXContainerItemProxy;
			containerPortal = 67E6DE1E25BF0D42004138D9 /* Project object */;
			proxyType = 1;
			remoteGlobalIDString = 67E6DE2525BF0D42004138D9;
			remoteInfo = TipCalculator;
		};
		67E6DE4825BF0D48004138D9 /* PBXContainerItemProxy */ = {
			isa = PBXContainerItemProxy;
			containerPortal = 67E6DE1E25BF0D42004138D9 /* Project object */;
			proxyType = 1;
			remoteGlobalIDString = 67E6DE2525BF0D42004138D9;
			remoteInfo = TipCalculator;
		};
/* End PBXContainerItemProxy section */

/* Begin PBXFileReference section */
		67E6DE2625BF0D42004138D9 /* TipCalculator.app */ = {isa = PBXFileReference; explicitFileType = wrapper.application; includeInIndex = 0; path = TipCalculator.app; sourceTree = BUILT_PRODUCTS_DIR; };
		67E6DE2925BF0D42004138D9 /* AppDelegate.swift */ = {isa = PBXFileReference; lastKnownFileType = sourcecode.swift; path = AppDelegate.swift; sourceTree = "<group>"; };
		67E6DE2B25BF0D42004138D9 /* SceneDelegate.swift */ = {isa = PBXFileReference; lastKnownFileType = sourcecode.swift; path = SceneDelegate.swift; sourceTree = "<group>"; };
		67E6DE2D25BF0D42004138D9 /* ViewController.swift */ = {isa = PBXFileReference; lastKnownFileType = sourcecode.swift; path = ViewController.swift; sourceTree = "<group>"; };
		67E6DE3025BF0D42004138D9 /* Base */ = {isa = PBXFileReference; lastKnownFileType = file.storyboard; name = Base; path = Base.lproj/Main.storyboard; sourceTree = "<group>"; };
		67E6DE3225BF0D47004138D9 /* Assets.xcassets */ = {isa = PBXFileReference; lastKnownFileType = folder.assetcatalog; path = Assets.xcassets; sourceTree = "<group>"; };
		67E6DE3525BF0D47004138D9 /* Base */ = {isa = PBXFileReference; lastKnownFileType = file.storyboard; name = Base; path = Base.lproj/LaunchScreen.storyboard; sourceTree = "<group>"; };
		67E6DE3725BF0D47004138D9 /* Info.plist */ = {isa = PBXFileReference; lastKnownFileType = text.plist.xml; path = Info.plist; sourceTree = "<group>"; };
		67E6DE3C25BF0D48004138D9 /* TipCalculatorTests.xctest */ = {isa = PBXFileReference; explicitFileType = wrapper.cfbundle; includeInIndex = 0; path = TipCalculatorTests.xctest; sourceTree = BUILT_PRODUCTS_DIR; };
		67E6DE4025BF0D48004138D9 /* TipCalculatorTests.swift */ = {isa = PBXFileReference; lastKnownFileType = sourcecode.swift; path = TipCalculatorTests.swift; sourceTree = "<group>"; };
		67E6DE4225BF0D48004138D9 /* Info.plist */ = {isa = PBXFileReference; lastKnownFileType = text.plist.xml; path = Info.plist; sourceTree = "<group>"; };
		67E6DE4725BF0D48004138D9 /* TipCalculatorUITests.xctest */ = {isa = PBXFileReference; explicitFileType = wrapper.cfbundle; includeInIndex = 0; path = TipCalculatorUITests.xctest; sourceTree = BUILT_PRODUCTS_DIR; };
		67E6DE4B25BF0D48004138D9 /* TipCalculatorUITests.swift */ = {isa = PBXFileReference; lastKnownFileType = sourcecode.swift; path = TipCalculatorUITests.swift; sourceTree = "<group>"; };
		67E6DE4D25BF0D48004138D9 /* Info.plist */ = {isa = PBXFileReference; lastKnownFileType = text.plist.xml; path = Info.plist; sourceTree = "<group>"; };
/* End PBXFileReference section */

/* Begin PBXFrameworksBuildPhase section */
		67E6DE2325BF0D42004138D9 /* Frameworks */ = {
			isa = PBXFrameworksBuildPhase;
			buildActionMask = 2147483647;
			files = (
			);
			runOnlyForDeploymentPostprocessing = 0;
		};
		67E6DE3925BF0D48004138D9 /* Frameworks */ = {
			isa = PBXFrameworksBuildPhase;
			buildActionMask = 2147483647;
			files = (
			);
			runOnlyForDeploymentPostprocessing = 0;
		};
		67E6DE4425BF0D48004138D9 /* Frameworks */ = {
			isa = PBXFrameworksBuildPhase;
			buildActionMask = 2147483647;
			files = (
			);
			runOnlyForDeploymentPostprocessing = 0;
		};
/* End PBXFrameworksBuildPhase section */

/* Begin PBXGroup section */
		67E6DE1D25BF0D42004138D9 = {
			isa = PBXGroup;
			children = (
				67E6DE2825BF0D42004138D9 /* TipCalculator */,
				67E6DE3F25BF0D48004138D9 /* TipCalculatorTests */,
				67E6DE4A25BF0D48004138D9 /* TipCalculatorUITests */,
				67E6DE2725BF0D42004138D9 /* Products */,
			);
			sourceTree = "<group>";
		};
		67E6DE2725BF0D42004138D9 /* Products */ = {
			isa = PBXGroup;
			children = (
				67E6DE2625BF0D42004138D9 /* TipCalculator.app */,
				67E6DE3C25BF0D48004138D9 /* TipCalculatorTests.xctest */,
				67E6DE4725BF0D48004138D9 /* TipCalculatorUITests.xctest */,
			);
			name = Products;
			sourceTree = "<group>";
		};
		67E6DE2825BF0D42004138D9 /* TipCalculator */ = {
			isa = PBXGroup;
			children = (
				67E6DE2925BF0D42004138D9 /* AppDelegate.swift */,
				67E6DE2B25BF0D42004138D9 /* SceneDelegate.swift */,
				67E6DE2D25BF0D42004138D9 /* ViewController.swift */,
				67E6DE2F25BF0D42004138D9 /* Main.storyboard */,
				67E6DE3225BF0D47004138D9 /* Assets.xcassets */,
				67E6DE3425BF0D47004138D9 /* LaunchScreen.storyboard */,
				67E6DE3725BF0D47004138D9 /* Info.plist */,
			);
			path = TipCalculator;
			sourceTree = "<group>";
		};
		67E6DE3F25BF0D48004138D9 /* TipCalculatorTests */ = {
			isa = PBXGroup;
			children = (
				67E6DE4025BF0D48004138D9 /* TipCalculatorTests.swift */,
				67E6DE4225BF0D48004138D9 /* Info.plist */,
			);
			path = TipCalculatorTests;
			sourceTree = "<group>";
		};
		67E6DE4A25BF0D48004138D9 /* TipCalculatorUITests */ = {
			isa = PBXGroup;
			children = (
				67E6DE4B25BF0D48004138D9 /* TipCalculatorUITests.swift */,
				67E6DE4D25BF0D48004138D9 /* Info.plist */,
			);
			path = TipCalculatorUITests;
			sourceTree = "<group>";
		};
/* End PBXGroup section */

/* Begin PBXNativeTarget section */
		67E6DE2525BF0D42004138D9 /* TipCalculator */ = {
			isa = PBXNativeTarget;
			buildConfigurationList = 67E6DE5025BF0D48004138D9 /* Build configuration list for PBXNativeTarget "TipCalculator" */;
			buildPhases = (
				67E6DE2225BF0D42004138D9 /* Sources */,
				67E6DE2325BF0D42004138D9 /* Frameworks */,
				67E6DE2425BF0D42004138D9 /* Resources */,
			);
			buildRules = (
			);
			dependencies = (
			);
			name = TipCalculator;
			productName = TipCalculator;
			productReference = 67E6DE2625BF0D42004138D9 /* TipCalculator.app */;
			productType = "com.apple.product-type.application";
		};
		67E6DE3B25BF0D48004138D9 /* TipCalculatorTests */ = {
			isa = PBXNativeTarget;
			buildConfigurationList = 67E6DE5325BF0D48004138D9 /* Build configuration list for PBXNativeTarget "TipCalculatorTests" */;
			buildPhases = (
				67E6DE3825BF0D48004138D9 /* Sources */,
				67E6DE3925BF0D48004138D9 /* Frameworks */,
				67E6DE3A25BF0D48004138D9 /* Resources */,
			);
			buildRules = (
			);
			dependencies = (
				67E6DE3E25BF0D48004138D9 /* PBXTargetDependency */,
			);
			name = TipCalculatorTests;
			productName = TipCalculatorTests;
			productReference = 67E6DE3C25BF0D48004138D9 /* TipCalculatorTests.xctest */;
			productType = "com.apple.product-type.bundle.unit-test";
		};
		67E6DE4625BF0D48004138D9 /* TipCalculatorUITests */ = {
			isa = PBXNativeTarget;
			buildConfigurationList = 67E6DE5625BF0D48004138D9 /* Build configuration list for PBXNativeTarget "TipCalculatorUITests" */;
			buildPhases = (
				67E6DE4325BF0D48004138D9 /* Sources */,
				67E6DE4425BF0D48004138D9 /* Frameworks */,
				67E6DE4525BF0D48004138D9 /* Resources */,
			);
			buildRules = (
			);
			dependencies = (
				67E6DE4925BF0D48004138D9 /* PBXTargetDependency */,
			);
			name = TipCalculatorUITests;
			productName = TipCalculatorUITests;
			productReference = 67E6DE4725BF0D48004138D9 /* TipCalculatorUITests.xctest */;
			productType = "com.apple.product-type.bundle.ui-testing";
		};
/* End PBXNativeTarget section */

/* Begin PBXProject section */
		67E6DE1E25BF0D42004138D9 /* Project object */ = {
			isa = PBXProject;
			attributes = {
				LastSwiftUpdateCheck = 1230;
				LastUpgradeCheck = 1230;
				TargetAttributes = {
					67E6DE2525BF0D42004138D9 = {
						CreatedOnToolsVersion = 12.3;
					};
					67E6DE3B25BF0D48004138D9 = {
						CreatedOnToolsVersion = 12.3;
						TestTargetID = 67E6DE2525BF0D42004138D9;
					};
					67E6DE4625BF0D48004138D9 = {
						CreatedOnToolsVersion = 12.3;
						TestTargetID = 67E6DE2525BF0D42004138D9;
					};
				};
			};
			buildConfigurationList = 67E6DE2125BF0D42004138D9 /* Build configuration list for PBXProject "TipCalculator" */;
			compatibilityVersion = "Xcode 9.3";
			developmentRegion = en;
			hasScannedForEncodings = 0;
			knownRegions = (
				en,
				Base,
			);
			mainGroup = 67E6DE1D25BF0D42004138D9;
			productRefGroup = 67E6DE2725BF0D42004138D9 /* Products */;
			projectDirPath = "";
			projectRoot = "";
			targets = (
				67E6DE2525BF0D42004138D9 /* TipCalculator */,
				67E6DE3B25BF0D48004138D9 /* TipCalculatorTests */,
				67E6DE4625BF0D48004138D9 /* TipCalculatorUITests */,
			);
		};
/* End PBXProject section */

/* Begin PBXResourcesBuildPhase section */
		67E6DE2425BF0D42004138D9 /* Resources */ = {
			isa = PBXResourcesBuildPhase;
			buildActionMask = 2147483647;
			files = (
				67E6DE3625BF0D47004138D9 /* LaunchScreen.storyboard in Resources */,
				67E6DE3325BF0D47004138D9 /* Assets.xcassets in Resources */,
				67E6DE3125BF0D42004138D9 /* Main.storyboard in Resources */,
			);
			runOnlyForDeploymentPostprocessing = 0;
		};
		67E6DE3A25BF0D48004138D9 /* Resources */ = {
			isa = PBXResourcesBuildPhase;
			buildActionMask = 2147483647;
			files = (
			);
			runOnlyForDeploymentPostprocessing = 0;
		};
		67E6DE4525BF0D48004138D9 /* Resources */ = {
			isa = PBXResourcesBuildPhase;
			buildActionMask = 2147483647;
			files = (
			);
			runOnlyForDeploymentPostprocessing = 0;
		};
/* End PBXResourcesBuildPhase section */

/* Begin PBXSourcesBuildPhase section */
		67E6DE2225BF0D42004138D9 /* Sources */ = {
			isa = PBXSourcesBuildPhase;
			buildActionMask = 2147483647;
			files = (
				67E6DE2E25BF0D42004138D9 /* ViewController.swift in Sources */,
				67E6DE2A25BF0D42004138D9 /* AppDelegate.swift in Sources */,
				67E6DE2C25BF0D42004138D9 /* SceneDelegate.swift in Sources */,
			);
			runOnlyForDeploymentPostprocessing = 0;
		};
		67E6DE3825BF0D48004138D9 /* Sources */ = {
			isa = PBXSourcesBuildPhase;
			buildActionMask = 2147483647;
			files = (
				67E6DE4125BF0D48004138D9 /* TipCalculatorTests.swift in Sources */,
			);
			runOnlyForDeploymentPostprocessing = 0;
		};
		67E6DE4325BF0D48004138D9 /* Sources */ = {
			isa = PBXSourcesBuildPhase;
			buildActionMask = 2147483647;
			files = (
				67E6DE4C25BF0D48004138D9 /* TipCalculatorUITests.swift in Sources */,
			);
			runOnlyForDeploymentPostprocessing = 0;
		};
/* End PBXSourcesBuildPhase section */

/* Begin PBXTargetDependency section */
		67E6DE3E25BF0D48004138D9 /* PBXTargetDependency */ = {
			isa = PBXTargetDependency;
			target = 67E6DE2525BF0D42004138D9 /* TipCalculator */;
			targetProxy = 67E6DE3D25BF0D48004138D9 /* PBXContainerItemProxy */;
		};
		67E6DE4925BF0D48004138D9 /* PBXTargetDependency */ = {
			isa = PBXTargetDependency;
			target = 67E6DE2525BF0D42004138D9 /* TipCalculator */;
			targetProxy = 67E6DE4825BF0D48004138D9 /* PBXContainerItemProxy */;
		};
/* End PBXTargetDependency section */

/* Begin PBXVariantGroup section */
		67E6DE2F25BF0D42004138D9 /* Main.storyboard */ = {
			isa = PBXVariantGroup;
			children = (
				67E6DE3025BF0D42004138D9 /* Base */,
			);
			name = Main.storyboard;
			sourceTree = "<group>";
		};
		67E6DE3425BF0D47004138D9 /* LaunchScreen.storyboard */ = {
			isa = PBXVariantGroup;
			children = (
				67E6DE3525BF0D47004138D9 /* Base */,
			);
			name = LaunchScreen.storyboard;
			sourceTree = "<group>";
		};
/* End PBXVariantGroup section */

/* Begin XCBuildConfiguration section */
		67E6DE4E25BF0D48004138D9 /* Debug */ = {
			isa = XCBuildConfiguration;
			buildSettings = {
				ALWAYS_SEARCH_USER_PATHS = NO;
				CLANG_ANALYZER_NONNULL = YES;
				CLANG_ANALYZER_NUMBER_OBJECT_CONVERSION = YES_AGGRESSIVE;
				CLANG_CXX_LANGUAGE_STANDARD = "gnu++14";
				CLANG_CXX_LIBRARY = "libc++";
				CLANG_ENABLE_MODULES = YES;
				CLANG_ENABLE_OBJC_ARC = YES;
				CLANG_ENABLE_OBJC_WEAK = YES;
				CLANG_WARN_BLOCK_CAPTURE_AUTORELEASING = YES;
				CLANG_WARN_BOOL_CONVERSION = YES;
				CLANG_WARN_COMMA = YES;
				CLANG_WARN_CONSTANT_CONVERSION = YES;
				CLANG_WARN_DEPRECATED_OBJC_IMPLEMENTATIONS = YES;
				CLANG_WARN_DIRECT_OBJC_ISA_USAGE = YES_ERROR;
				CLANG_WARN_DOCUMENTATION_COMMENTS = YES;
				CLANG_WARN_EMPTY_BODY = YES;
				CLANG_WARN_ENUM_CONVERSION = YES;
				CLANG_WARN_INFINITE_RECURSION = YES;
				CLANG_WARN_INT_CONVERSION = YES;
				CLANG_WARN_NON_LITERAL_NULL_CONVERSION = YES;
				CLANG_WARN_OBJC_IMPLICIT_RETAIN_SELF = YES;
				CLANG_WARN_OBJC_LITERAL_CONVERSION = YES;
				CLANG_WARN_OBJC_ROOT_CLASS = YES_ERROR;
				CLANG_WARN_QUOTED_INCLUDE_IN_FRAMEWORK_HEADER = YES;
				CLANG_WARN_RANGE_LOOP_ANALYSIS = YES;
				CLANG_WARN_STRICT_PROTOTYPES = YES;
				CLANG_WARN_SUSPICIOUS_MOVE = YES;
				CLANG_WARN_UNGUARDED_AVAILABILITY = YES_AGGRESSIVE;
				CLANG_WARN_UNREACHABLE_CODE = YES;
				CLANG_WARN__DUPLICATE_METHOD_MATCH = YES;
				COPY_PHASE_STRIP = NO;
				DEBUG_INFORMATION_FORMAT = dwarf;
				ENABLE_STRICT_OBJC_MSGSEND = YES;
				ENABLE_TESTABILITY = YES;
				GCC_C_LANGUAGE_STANDARD = gnu11;
				GCC_DYNAMIC_NO_PIC = NO;
				GCC_NO_COMMON_BLOCKS = YES;
				GCC_OPTIMIZATION_LEVEL = 0;
				GCC_PREPROCESSOR_DEFINITIONS = (
					"DEBUG=1",
					"$(inherited)",
				);
				GCC_WARN_64_TO_32_BIT_CONVERSION = YES;
				GCC_WARN_ABOUT_RETURN_TYPE = YES_ERROR;
				GCC_WARN_UNDECLARED_SELECTOR = YES;
				GCC_WARN_UNINITIALIZED_AUTOS = YES_AGGRESSIVE;
				GCC_WARN_UNUSED_FUNCTION = YES;
				GCC_WARN_UNUSED_VARIABLE = YES;
				IPHONEOS_DEPLOYMENT_TARGET = 14.3;
				MTL_ENABLE_DEBUG_INFO = INCLUDE_SOURCE;
				MTL_FAST_MATH = YES;
				ONLY_ACTIVE_ARCH = YES;
				SDKROOT = iphoneos;
				SWIFT_ACTIVE_COMPILATION_CONDITIONS = DEBUG;
				SWIFT_OPTIMIZATION_LEVEL = "-Onone";
			};
			name = Debug;
		};
		67E6DE4F25BF0D48004138D9 /* Release */ = {
			isa = XCBuildConfiguration;
			buildSettings = {
				ALWAYS_SEARCH_USER_PATHS = NO;
				CLANG_ANALYZER_NONNULL = YES;
				CLANG_ANALYZER_NUMBER_OBJECT_CONVERSION = YES_AGGRESSIVE;
				CLANG_CXX_LANGUAGE_STANDARD = "gnu++14";
				CLANG_CXX_LIBRARY = "libc++";
				CLANG_ENABLE_MODULES = YES;
				CLANG_ENABLE_OBJC_ARC = YES;
				CLANG_ENABLE_OBJC_WEAK = YES;
				CLANG_WARN_BLOCK_CAPTURE_AUTORELEASING = YES;
				CLANG_WARN_BOOL_CONVERSION = YES;
				CLANG_WARN_COMMA = YES;
				CLANG_WARN_CONSTANT_CONVERSION = YES;
				CLANG_WARN_DEPRECATED_OBJC_IMPLEMENTATIONS = YES;
				CLANG_WARN_DIRECT_OBJC_ISA_USAGE = YES_ERROR;
				CLANG_WARN_DOCUMENTATION_COMMENTS = YES;
				CLANG_WARN_EMPTY_BODY = YES;
				CLANG_WARN_ENUM_CONVERSION = YES;
				CLANG_WARN_INFINITE_RECURSION = YES;
				CLANG_WARN_INT_CONVERSION = YES;
				CLANG_WARN_NON_LITERAL_NULL_CONVERSION = YES;
				CLANG_WARN_OBJC_IMPLICIT_RETAIN_SELF = YES;
				CLANG_WARN_OBJC_LITERAL_CONVERSION = YES;
				CLANG_WARN_OBJC_ROOT_CLASS = YES_ERROR;
				CLANG_WARN_QUOTED_INCLUDE_IN_FRAMEWORK_HEADER = YES;
				CLANG_WARN_RANGE_LOOP_ANALYSIS = YES;
				CLANG_WARN_STRICT_PROTOTYPES = YES;
				CLANG_WARN_SUSPICIOUS_MOVE = YES;
				CLANG_WARN_UNGUARDED_AVAILABILITY = YES_AGGRESSIVE;
				CLANG_WARN_UNREACHABLE_CODE = YES;
				CLANG_WARN__DUPLICATE_METHOD_MATCH = YES;
				COPY_PHASE_STRIP = NO;
				DEBUG_INFORMATION_FORMAT = "dwarf-with-dsym";
				ENABLE_NS_ASSERTIONS = NO;
				ENABLE_STRICT_OBJC_MSGSEND = YES;
				GCC_C_LANGUAGE_STANDARD = gnu11;
				GCC_NO_COMMON_BLOCKS = YES;
				GCC_WARN_64_TO_32_BIT_CONVERSION = YES;
				GCC_WARN_ABOUT_RETURN_TYPE = YES_ERROR;
				GCC_WARN_UNDECLARED_SELECTOR = YES;
				GCC_WARN_UNINITIALIZED_AUTOS = YES_AGGRESSIVE;
				GCC_WARN_UNUSED_FUNCTION = YES;
				GCC_WARN_UNUSED_VARIABLE = YES;
				IPHONEOS_DEPLOYMENT_TARGET = 14.3;
				MTL_ENABLE_DEBUG_INFO = NO;
				MTL_FAST_MATH = YES;
				SDKROOT = iphoneos;
				SWIFT_COMPILATION_MODE = wholemodule;
				SWIFT_OPTIMIZATION_LEVEL = "-O";
				VALIDATE_PRODUCT = YES;
			};
			name = Release;
		};
		67E6DE5125BF0D48004138D9 /* Debug */ = {
			isa = XCBuildConfiguration;
			buildSettings = {
				ASSETCATALOG_COMPILER_APPICON_NAME = AppIcon;
				ASSETCATALOG_COMPILER_GLOBAL_ACCENT_COLOR_NAME = AccentColor;
				CODE_SIGN_STYLE = Automatic;
				INFOPLIST_FILE = TipCalculator/Info.plist;
				LD_RUNPATH_SEARCH_PATHS = (
					"$(inherited)",
					"@executable_path/Frameworks",
				);
				PRODUCT_BUNDLE_IDENTIFIER = MasonHughes.TipCalculator;
				PRODUCT_NAME = "$(TARGET_NAME)";
				SWIFT_VERSION = 5.0;
				TARGETED_DEVICE_FAMILY = "1,2";
			};
			name = Debug;
		};
		67E6DE5225BF0D48004138D9 /* Release */ = {
			isa = XCBuildConfiguration;
			buildSettings = {
				ASSETCATALOG_COMPILER_APPICON_NAME = AppIcon;
				ASSETCATALOG_COMPILER_GLOBAL_ACCENT_COLOR_NAME = AccentColor;
				CODE_SIGN_STYLE = Automatic;
				INFOPLIST_FILE = TipCalculator/Info.plist;
				LD_RUNPATH_SEARCH_PATHS = (
					"$(inherited)",
					"@executable_path/Frameworks",
				);
				PRODUCT_BUNDLE_IDENTIFIER = MasonHughes.TipCalculator;
				PRODUCT_NAME = "$(TARGET_NAME)";
				SWIFT_VERSION = 5.0;
				TARGETED_DEVICE_FAMILY = "1,2";
			};
			name = Release;
		};
		67E6DE5425BF0D48004138D9 /* Debug */ = {
			isa = XCBuildConfiguration;
			buildSettings = {
				ALWAYS_EMBED_SWIFT_STANDARD_LIBRARIES = YES;
				BUNDLE_LOADER = "$(TEST_HOST)";
				CODE_SIGN_STYLE = Automatic;
				INFOPLIST_FILE = TipCalculatorTests/Info.plist;
				IPHONEOS_DEPLOYMENT_TARGET = 14.3;
				LD_RUNPATH_SEARCH_PATHS = (
					"$(inherited)",
					"@executable_path/Frameworks",
					"@loader_path/Frameworks",
				);
				PRODUCT_BUNDLE_IDENTIFIER = MasonHughes.TipCalculatorTests;
				PRODUCT_NAME = "$(TARGET_NAME)";
				SWIFT_VERSION = 5.0;
				TARGETED_DEVICE_FAMILY = "1,2";
				TEST_HOST = "$(BUILT_PRODUCTS_DIR)/TipCalculator.app/TipCalculator";
			};
			name = Debug;
		};
		67E6DE5525BF0D48004138D9 /* Release */ = {
			isa = XCBuildConfiguration;
			buildSettings = {
				ALWAYS_EMBED_SWIFT_STANDARD_LIBRARIES = YES;
				BUNDLE_LOADER = "$(TEST_HOST)";
				CODE_SIGN_STYLE = Automatic;
				INFOPLIST_FILE = TipCalculatorTests/Info.plist;
				IPHONEOS_DEPLOYMENT_TARGET = 14.3;
				LD_RUNPATH_SEARCH_PATHS = (
					"$(inherited)",
					"@executable_path/Frameworks",
					"@loader_path/Frameworks",
				);
				PRODUCT_BUNDLE_IDENTIFIER = MasonHughes.TipCalculatorTests;
				PRODUCT_NAME = "$(TARGET_NAME)";
				SWIFT_VERSION = 5.0;
				TARGETED_DEVICE_FAMILY = "1,2";
				TEST_HOST = "$(BUILT_PRODUCTS_DIR)/TipCalculator.app/TipCalculator";
			};
			name = Release;
		};
		67E6DE5725BF0D48004138D9 /* Debug */ = {
			isa = XCBuildConfiguration;
			buildSettings = {
				ALWAYS_EMBED_SWIFT_STANDARD_LIBRARIES = YES;
				CODE_SIGN_STYLE = Automatic;
				INFOPLIST_FILE = TipCalculatorUITests/Info.plist;
				LD_RUNPATH_SEARCH_PATHS = (
					"$(inherited)",
					"@executable_path/Frameworks",
					"@loader_path/Frameworks",
				);
				PRODUCT_BUNDLE_IDENTIFIER = MasonHughes.TipCalculatorUITests;
				PRODUCT_NAME = "$(TARGET_NAME)";
				SWIFT_VERSION = 5.0;
				TARGETED_DEVICE_FAMILY = "1,2";
				TEST_TARGET_NAME = TipCalculator;
			};
			name = Debug;
		};
		67E6DE5825BF0D48004138D9 /* Release */ = {
			isa = XCBuildConfiguration;
			buildSettings = {
				ALWAYS_EMBED_SWIFT_STANDARD_LIBRARIES = YES;
				CODE_SIGN_STYLE = Automatic;
				INFOPLIST_FILE = TipCalculatorUITests/Info.plist;
				LD_RUNPATH_SEARCH_PATHS = (
					"$(inherited)",
					"@executable_path/Frameworks",
					"@loader_path/Frameworks",
				);
				PRODUCT_BUNDLE_IDENTIFIER = MasonHughes.TipCalculatorUITests;
				PRODUCT_NAME = "$(TARGET_NAME)";
				SWIFT_VERSION = 5.0;
				TARGETED_DEVICE_FAMILY = "1,2";
				TEST_TARGET_NAME = TipCalculator;
			};
			name = Release;
		};
/* End XCBuildConfiguration section */

/* Begin XCConfigurationList section */
		67E6DE2125BF0D42004138D9 /* Build configuration list for PBXProject "TipCalculator" */ = {
			isa = XCConfigurationList;
			buildConfigurations = (
				67E6DE4E25BF0D48004138D9 /* Debug */,
				67E6DE4F25BF0D48004138D9 /* Release */,
			);
			defaultConfigurationIsVisible = 0;
			defaultConfigurationName = Release;
		};
		67E6DE5025BF0D48004138D9 /* Build configuration list for PBXNativeTarget "TipCalculator" */ = {
			isa = XCConfigurationList;
			buildConfigurations = (
				67E6DE5125BF0D48004138D9 /* Debug */,
				67E6DE5225BF0D48004138D9 /* Release */,
			);
			defaultConfigurationIsVisible = 0;
			defaultConfigurationName = Release;
		};
		67E6DE5325BF0D48004138D9 /* Build configuration list for PBXNativeTarget "TipCalculatorTests" */ = {
			isa = XCConfigurationList;
			buildConfigurations = (
				67E6DE5425BF0D48004138D9 /* Debug */,
				67E6DE5525BF0D48004138D9 /* Release */,
			);
			defaultConfigurationIsVisible = 0;
			defaultConfigurationName = Release;
		};
		67E6DE5625BF0D48004138D9 /* Build configuration list for PBXNativeTarget "TipCalculatorUITests" */ = {
			isa = XCConfigurationList;
			buildConfigurations = (
				67E6DE5725BF0D48004138D9 /* Debug */,
				67E6DE5825BF0D48004138D9 /* Release */,
			);
			defaultConfigurationIsVisible = 0;
			defaultConfigurationName = Release;
		};
/* End XCConfigurationList section */
	};
	rootObject = 67E6DE1E25BF0D42004138D9 /* Project object */;
}
